
Microsoft Visual Studio Solution File, Format Version 12.00
# Visual Studio 15
VisualStudioVersion = 15.0.28010.2036
MinimumVisualStudioVersion = 10.0.40219.1
Project("{FAE04EC0-301F-11D3-BF4B-00C04F79EFBC}") = "Estudo.LinqEF.01", "Estudo.LinqEF.01\Estudo.LinqEF.01.csproj", "{C2CADDFA-EF68-47D2-8826-3954916DED96}"
EndProject
Global
	GlobalSection(SolutionConfigurationPlatforms) = preSolution
		Debug|Any CPU = Debug|Any CPU
		Release|Any CPU = Release|Any CPU
	EndGlobalSection
	GlobalSection(ProjectConfigurationPlatforms) = postSolution
		{C2CADDFA-EF68-47D2-8826-3954916DED96}.Debug|Any CPU.ActiveCfg = Debug|Any CPU
		{C2CADDFA-EF68-47D2-8826-3954916DED96}.Debug|Any CPU.Build.0 = Debug|Any CPU
		{C2CADDFA-EF68-47D2-8826-3954916DED96}.Release|Any CPU.ActiveCfg = Release|Any CPU
		{C2CADDFA-EF68-47D2-8826-3954916DED96}.Release|Any CPU.Build.0 = Release|Any CPU
	EndGlobalSection
	GlobalSection(SolutionProperties) = preSolution
		HideSolutionNode = FALSE
	EndGlobalSection
	GlobalSection(ExtensibilityGlobals) = postSolution
		SolutionGuid = {8F4DABA7-F265-4445-8D77-A85A1D7A126C}
	EndGlobalSection
EndGlobal
